
Microsoft Visual Studio Solution File, Format Version 12.00
# Visual Studio Version 16
VisualStudioVersion = 16.0.30907.101
MinimumVisualStudioVersion = 10.0.40219.1
Project("{FAE04EC0-301F-11D3-BF4B-00C04F79EFBC}") = "DataAccess", "DataAccess\DataAccess.csproj", "{DFEEC8EB-9D9A-43E8-98CF-03691ADE583A}"
EndProject
Project("{FAE04EC0-301F-11D3-BF4B-00C04F79EFBC}") = "Business", "Business\Business.csproj", "{A6AD648A-D68A-49D9-A205-F9871075CFAE}"
EndProject
Project("{FAE04EC0-301F-11D3-BF4B-00C04F79EFBC}") = "Entities", "Entities\Entities.csproj", "{0A81906B-81C0-4DDB-9DF8-EF7590C51AF2}"
EndProject
Project("{FAE04EC0-301F-11D3-BF4B-00C04F79EFBC}") = "ConsoleUI", "ConsoleUI\ConsoleUI.csproj", "{59733BE6-AA40-4B77-97AD-B34DDB26DD08}"
EndProject
Global
	GlobalSection(SolutionConfigurationPlatforms) = preSolution
		Debug|Any CPU = Debug|Any CPU
		Release|Any CPU = Release|Any CPU
	EndGlobalSection
	GlobalSection(ProjectConfigurationPlatforms) = postSolution
		{DFEEC8EB-9D9A-43E8-98CF-03691ADE583A}.Debug|Any CPU.ActiveCfg = Debug|Any CPU
		{DFEEC8EB-9D9A-43E8-98CF-03691ADE583A}.Debug|Any CPU.Build.0 = Debug|Any CPU
		{DFEEC8EB-9D9A-43E8-98CF-03691ADE583A}.Release|Any CPU.ActiveCfg = Release|Any CPU
		{DFEEC8EB-9D9A-43E8-98CF-03691ADE583A}.Release|Any CPU.Build.0 = Release|Any CPU
		{A6AD648A-D68A-49D9-A205-F9871075CFAE}.Debug|Any CPU.ActiveCfg = Debug|Any CPU
		{A6AD648A-D68A-49D9-A205-F9871075CFAE}.Debug|Any CPU.Build.0 = Debug|Any CPU
		{A6AD648A-D68A-49D9-A205-F9871075CFAE}.Release|Any CPU.ActiveCfg = Release|Any CPU
		{A6AD648A-D68A-49D9-A205-F9871075CFAE}.Release|Any CPU.Build.0 = Release|Any CPU
		{0A81906B-81C0-4DDB-9DF8-EF7590C51AF2}.Debug|Any CPU.ActiveCfg = Debug|Any CPU
		{0A81906B-81C0-4DDB-9DF8-EF7590C51AF2}.Debug|Any CPU.Build.0 = Debug|Any CPU
		{0A81906B-81C0-4DDB-9DF8-EF7590C51AF2}.Release|Any CPU.ActiveCfg = Release|Any CPU
		{0A81906B-81C0-4DDB-9DF8-EF7590C51AF2}.Release|Any CPU.Build.0 = Release|Any CPU
		{59733BE6-AA40-4B77-97AD-B34DDB26DD08}.Debug|Any CPU.ActiveCfg = Debug|Any CPU
		{59733BE6-AA40-4B77-97AD-B34DDB26DD08}.Debug|Any CPU.Build.0 = Debug|Any CPU
		{59733BE6-AA40-4B77-97AD-B34DDB26DD08}.Release|Any CPU.ActiveCfg = Release|Any CPU
		{59733BE6-AA40-4B77-97AD-B34DDB26DD08}.Release|Any CPU.Build.0 = Release|Any CPU
	EndGlobalSection
	GlobalSection(SolutionProperties) = preSolution
		HideSolutionNode = FALSE
	EndGlobalSection
	GlobalSection(ExtensibilityGlobals) = postSolution
		SolutionGuid = {6CBBF7B6-D801-4C31-B068-425F1015B97C}
	EndGlobalSection
EndGlobal
